// !$*UTF8*$!
{
	archiveVersion = 1;
	classes = {
	};
	objectVersion = 50;
	objects = {

/* Begin PBXBuildFile section */
		C11FE15225E105E400BC89D8 /* AppDelegate.swift in Sources */ = {isa = PBXBuildFile; fileRef = C11FE15125E105E400BC89D8 /* AppDelegate.swift */; };
		C11FE15425E105E400BC89D8 /* SceneDelegate.swift in Sources */ = {isa = PBXBuildFile; fileRef = C11FE15325E105E400BC89D8 /* SceneDelegate.swift */; };
		C11FE15625E105E400BC89D8 /* ViewController.swift in Sources */ = {isa = PBXBuildFile; fileRef = C11FE15525E105E400BC89D8 /* ViewController.swift */; };
		C11FE15925E105E400BC89D8 /* Main.storyboard in Resources */ = {isa = PBXBuildFile; fileRef = C11FE15725E105E400BC89D8 /* Main.storyboard */; };
		C11FE15B25E105E600BC89D8 /* Assets.xcassets in Resources */ = {isa = PBXBuildFile; fileRef = C11FE15A25E105E600BC89D8 /* Assets.xcassets */; };
		C11FE15E25E105E600BC89D8 /* LaunchScreen.storyboard in Resources */ = {isa = PBXBuildFile; fileRef = C11FE15C25E105E600BC89D8 /* LaunchScreen.storyboard */; };
		C11FE16925E105E600BC89D8 /* TestCICDOnSwiftTests.swift in Sources */ = {isa = PBXBuildFile; fileRef = C11FE16825E105E600BC89D8 /* TestCICDOnSwiftTests.swift */; };
		C11FE17425E105E600BC89D8 /* TestCICDOnSwiftUITests.swift in Sources */ = {isa = PBXBuildFile; fileRef = C11FE17325E105E600BC89D8 /* TestCICDOnSwiftUITests.swift */; };
		C11FE18525E106CD00BC89D8 /* JsonHelper.swift in Sources */ = {isa = PBXBuildFile; fileRef = C11FE18425E106CD00BC89D8 /* JsonHelper.swift */; };
		C11FE18625E106CD00BC89D8 /* JsonHelper.swift in Sources */ = {isa = PBXBuildFile; fileRef = C11FE18425E106CD00BC89D8 /* JsonHelper.swift */; };
		C11FE18B25E1093600BC89D8 /* Address.swift in Sources */ = {isa = PBXBuildFile; fileRef = C11FE18A25E1093600BC89D8 /* Address.swift */; };
		C11FE18C25E1093600BC89D8 /* Address.swift in Sources */ = {isa = PBXBuildFile; fileRef = C11FE18A25E1093600BC89D8 /* Address.swift */; };
/* End PBXBuildFile section */

/* Begin PBXContainerItemProxy section */
		C11FE16525E105E600BC89D8 /* PBXContainerItemProxy */ = {
			isa = PBXContainerItemProxy;
			containerPortal = C11FE14625E105E400BC89D8 /* Project object */;
			proxyType = 1;
			remoteGlobalIDString = C11FE14D25E105E400BC89D8;
			remoteInfo = TestCICDOnSwift;
		};
		C11FE17025E105E600BC89D8 /* PBXContainerItemProxy */ = {
			isa = PBXContainerItemProxy;
			containerPortal = C11FE14625E105E400BC89D8 /* Project object */;
			proxyType = 1;
			remoteGlobalIDString = C11FE14D25E105E400BC89D8;
			remoteInfo = TestCICDOnSwift;
		};
/* End PBXContainerItemProxy section */

/* Begin PBXFileReference section */
		C11FE14E25E105E400BC89D8 /* TestCICDOnSwift.app */ = {isa = PBXFileReference; explicitFileType = wrapper.application; includeInIndex = 0; path = TestCICDOnSwift.app; sourceTree = BUILT_PRODUCTS_DIR; };
		C11FE15125E105E400BC89D8 /* AppDelegate.swift */ = {isa = PBXFileReference; lastKnownFileType = sourcecode.swift; path = AppDelegate.swift; sourceTree = "<group>"; };
		C11FE15325E105E400BC89D8 /* SceneDelegate.swift */ = {isa = PBXFileReference; lastKnownFileType = sourcecode.swift; path = SceneDelegate.swift; sourceTree = "<group>"; };
		C11FE15525E105E400BC89D8 /* ViewController.swift */ = {isa = PBXFileReference; lastKnownFileType = sourcecode.swift; path = ViewController.swift; sourceTree = "<group>"; };
		C11FE15825E105E400BC89D8 /* Base */ = {isa = PBXFileReference; lastKnownFileType = file.storyboard; name = Base; path = Base.lproj/Main.storyboard; sourceTree = "<group>"; };
		C11FE15A25E105E600BC89D8 /* Assets.xcassets */ = {isa = PBXFileReference; lastKnownFileType = folder.assetcatalog; path = Assets.xcassets; sourceTree = "<group>"; };
		C11FE15D25E105E600BC89D8 /* Base */ = {isa = PBXFileReference; lastKnownFileType = file.storyboard; name = Base; path = Base.lproj/LaunchScreen.storyboard; sourceTree = "<group>"; };
		C11FE15F25E105E600BC89D8 /* Info.plist */ = {isa = PBXFileReference; lastKnownFileType = text.plist.xml; path = Info.plist; sourceTree = "<group>"; };
		C11FE16425E105E600BC89D8 /* TestCICDOnSwiftTests.xctest */ = {isa = PBXFileReference; explicitFileType = wrapper.cfbundle; includeInIndex = 0; path = TestCICDOnSwiftTests.xctest; sourceTree = BUILT_PRODUCTS_DIR; };
		C11FE16825E105E600BC89D8 /* TestCICDOnSwiftTests.swift */ = {isa = PBXFileReference; lastKnownFileType = sourcecode.swift; path = TestCICDOnSwiftTests.swift; sourceTree = "<group>"; };
		C11FE16A25E105E600BC89D8 /* Info.plist */ = {isa = PBXFileReference; lastKnownFileType = text.plist.xml; path = Info.plist; sourceTree = "<group>"; };
		C11FE16F25E105E600BC89D8 /* TestCICDOnSwiftUITests.xctest */ = {isa = PBXFileReference; explicitFileType = wrapper.cfbundle; includeInIndex = 0; path = TestCICDOnSwiftUITests.xctest; sourceTree = BUILT_PRODUCTS_DIR; };
		C11FE17325E105E600BC89D8 /* TestCICDOnSwiftUITests.swift */ = {isa = PBXFileReference; lastKnownFileType = sourcecode.swift; path = TestCICDOnSwiftUITests.swift; sourceTree = "<group>"; };
		C11FE17525E105E600BC89D8 /* Info.plist */ = {isa = PBXFileReference; lastKnownFileType = text.plist.xml; path = Info.plist; sourceTree = "<group>"; };
		C11FE18425E106CD00BC89D8 /* JsonHelper.swift */ = {isa = PBXFileReference; lastKnownFileType = sourcecode.swift; path = JsonHelper.swift; sourceTree = "<group>"; };
		C11FE18A25E1093600BC89D8 /* Address.swift */ = {isa = PBXFileReference; lastKnownFileType = sourcecode.swift; path = Address.swift; sourceTree = "<group>"; };
/* End PBXFileReference section */

/* Begin PBXFrameworksBuildPhase section */
		C11FE14B25E105E400BC89D8 /* Frameworks */ = {
			isa = PBXFrameworksBuildPhase;
			buildActionMask = 2147483647;
			files = (
			);
			runOnlyForDeploymentPostprocessing = 0;
		};
		C11FE16125E105E600BC89D8 /* Frameworks */ = {
			isa = PBXFrameworksBuildPhase;
			buildActionMask = 2147483647;
			files = (
			);
			runOnlyForDeploymentPostprocessing = 0;
		};
		C11FE16C25E105E600BC89D8 /* Frameworks */ = {
			isa = PBXFrameworksBuildPhase;
			buildActionMask = 2147483647;
			files = (
			);
			runOnlyForDeploymentPostprocessing = 0;
		};
/* End PBXFrameworksBuildPhase section */

/* Begin PBXGroup section */
		C11FE14525E105E400BC89D8 = {
			isa = PBXGroup;
			children = (
				C11FE15025E105E400BC89D8 /* TestCICDOnSwift */,
				C11FE16725E105E600BC89D8 /* TestCICDOnSwiftTests */,
				C11FE17225E105E600BC89D8 /* TestCICDOnSwiftUITests */,
				C11FE14F25E105E400BC89D8 /* Products */,
			);
			sourceTree = "<group>";
		};
		C11FE14F25E105E400BC89D8 /* Products */ = {
			isa = PBXGroup;
			children = (
				C11FE14E25E105E400BC89D8 /* TestCICDOnSwift.app */,
				C11FE16425E105E600BC89D8 /* TestCICDOnSwiftTests.xctest */,
				C11FE16F25E105E600BC89D8 /* TestCICDOnSwiftUITests.xctest */,
			);
			name = Products;
			sourceTree = "<group>";
		};
		C11FE15025E105E400BC89D8 /* TestCICDOnSwift */ = {
			isa = PBXGroup;
			children = (
				C11FE15125E105E400BC89D8 /* AppDelegate.swift */,
				C11FE15325E105E400BC89D8 /* SceneDelegate.swift */,
				C11FE15525E105E400BC89D8 /* ViewController.swift */,
				C11FE15725E105E400BC89D8 /* Main.storyboard */,
				C11FE15A25E105E600BC89D8 /* Assets.xcassets */,
				C11FE15C25E105E600BC89D8 /* LaunchScreen.storyboard */,
				C11FE15F25E105E600BC89D8 /* Info.plist */,
				C11FE18425E106CD00BC89D8 /* JsonHelper.swift */,
				C11FE18A25E1093600BC89D8 /* Address.swift */,
			);
			path = TestCICDOnSwift;
			sourceTree = "<group>";
		};
		C11FE16725E105E600BC89D8 /* TestCICDOnSwiftTests */ = {
			isa = PBXGroup;
			children = (
				C11FE16825E105E600BC89D8 /* TestCICDOnSwiftTests.swift */,
				C11FE16A25E105E600BC89D8 /* Info.plist */,
			);
			path = TestCICDOnSwiftTests;
			sourceTree = "<group>";
		};
		C11FE17225E105E600BC89D8 /* TestCICDOnSwiftUITests */ = {
			isa = PBXGroup;
			children = (
				C11FE17325E105E600BC89D8 /* TestCICDOnSwiftUITests.swift */,
				C11FE17525E105E600BC89D8 /* Info.plist */,
			);
			path = TestCICDOnSwiftUITests;
			sourceTree = "<group>";
		};
/* End PBXGroup section */

/* Begin PBXNativeTarget section */
		C11FE14D25E105E400BC89D8 /* TestCICDOnSwift */ = {
			isa = PBXNativeTarget;
			buildConfigurationList = C11FE17825E105E600BC89D8 /* Build configuration list for PBXNativeTarget "TestCICDOnSwift" */;
			buildPhases = (
				C11FE14A25E105E400BC89D8 /* Sources */,
				C11FE14B25E105E400BC89D8 /* Frameworks */,
				C11FE14C25E105E400BC89D8 /* Resources */,
			);
			buildRules = (
			);
			dependencies = (
			);
			name = TestCICDOnSwift;
			productName = TestCICDOnSwift;
			productReference = C11FE14E25E105E400BC89D8 /* TestCICDOnSwift.app */;
			productType = "com.apple.product-type.application";
		};
		C11FE16325E105E600BC89D8 /* TestCICDOnSwiftTests */ = {
			isa = PBXNativeTarget;
			buildConfigurationList = C11FE17B25E105E600BC89D8 /* Build configuration list for PBXNativeTarget "TestCICDOnSwiftTests" */;
			buildPhases = (
				C11FE16025E105E600BC89D8 /* Sources */,
				C11FE16125E105E600BC89D8 /* Frameworks */,
				C11FE16225E105E600BC89D8 /* Resources */,
			);
			buildRules = (
			);
			dependencies = (
				C11FE16625E105E600BC89D8 /* PBXTargetDependency */,
			);
			name = TestCICDOnSwiftTests;
			productName = TestCICDOnSwiftTests;
			productReference = C11FE16425E105E600BC89D8 /* TestCICDOnSwiftTests.xctest */;
			productType = "com.apple.product-type.bundle.unit-test";
		};
		C11FE16E25E105E600BC89D8 /* TestCICDOnSwiftUITests */ = {
			isa = PBXNativeTarget;
			buildConfigurationList = C11FE17E25E105E600BC89D8 /* Build configuration list for PBXNativeTarget "TestCICDOnSwiftUITests" */;
			buildPhases = (
				C11FE16B25E105E600BC89D8 /* Sources */,
				C11FE16C25E105E600BC89D8 /* Frameworks */,
				C11FE16D25E105E600BC89D8 /* Resources */,
			);
			buildRules = (
			);
			dependencies = (
				C11FE17125E105E600BC89D8 /* PBXTargetDependency */,
			);
			name = TestCICDOnSwiftUITests;
			productName = TestCICDOnSwiftUITests;
			productReference = C11FE16F25E105E600BC89D8 /* TestCICDOnSwiftUITests.xctest */;
			productType = "com.apple.product-type.bundle.ui-testing";
		};
/* End PBXNativeTarget section */

/* Begin PBXProject section */
		C11FE14625E105E400BC89D8 /* Project object */ = {
			isa = PBXProject;
			attributes = {
				LastSwiftUpdateCheck = 1240;
				LastUpgradeCheck = 1240;
				TargetAttributes = {
					C11FE14D25E105E400BC89D8 = {
						CreatedOnToolsVersion = 12.4;
					};
					C11FE16325E105E600BC89D8 = {
						CreatedOnToolsVersion = 12.4;
						TestTargetID = C11FE14D25E105E400BC89D8;
					};
					C11FE16E25E105E600BC89D8 = {
						CreatedOnToolsVersion = 12.4;
						TestTargetID = C11FE14D25E105E400BC89D8;
					};
				};
			};
			buildConfigurationList = C11FE14925E105E400BC89D8 /* Build configuration list for PBXProject "TestCICDOnSwift" */;
			compatibilityVersion = "Xcode 9.3";
			developmentRegion = en;
			hasScannedForEncodings = 0;
			knownRegions = (
				en,
				Base,
			);
			mainGroup = C11FE14525E105E400BC89D8;
			productRefGroup = C11FE14F25E105E400BC89D8 /* Products */;
			projectDirPath = "";
			projectRoot = "";
			targets = (
				C11FE14D25E105E400BC89D8 /* TestCICDOnSwift */,
				C11FE16325E105E600BC89D8 /* TestCICDOnSwiftTests */,
				C11FE16E25E105E600BC89D8 /* TestCICDOnSwiftUITests */,
			);
		};
/* End PBXProject section */

/* Begin PBXResourcesBuildPhase section */
		C11FE14C25E105E400BC89D8 /* Resources */ = {
			isa = PBXResourcesBuildPhase;
			buildActionMask = 2147483647;
			files = (
				C11FE15E25E105E600BC89D8 /* LaunchScreen.storyboard in Resources */,
				C11FE15B25E105E600BC89D8 /* Assets.xcassets in Resources */,
				C11FE15925E105E400BC89D8 /* Main.storyboard in Resources */,
			);
			runOnlyForDeploymentPostprocessing = 0;
		};
		C11FE16225E105E600BC89D8 /* Resources */ = {
			isa = PBXResourcesBuildPhase;
			buildActionMask = 2147483647;
			files = (
			);
			runOnlyForDeploymentPostprocessing = 0;
		};
		C11FE16D25E105E600BC89D8 /* Resources */ = {
			isa = PBXResourcesBuildPhase;
			buildActionMask = 2147483647;
			files = (
			);
			runOnlyForDeploymentPostprocessing = 0;
		};
/* End PBXResourcesBuildPhase section */

/* Begin PBXSourcesBuildPhase section */
		C11FE14A25E105E400BC89D8 /* Sources */ = {
			isa = PBXSourcesBuildPhase;
			buildActionMask = 2147483647;
			files = (
				C11FE15625E105E400BC89D8 /* ViewController.swift in Sources */,
				C11FE18525E106CD00BC89D8 /* JsonHelper.swift in Sources */,
				C11FE15225E105E400BC89D8 /* AppDelegate.swift in Sources */,
				C11FE15425E105E400BC89D8 /* SceneDelegate.swift in Sources */,
				C11FE18B25E1093600BC89D8 /* Address.swift in Sources */,
			);
			runOnlyForDeploymentPostprocessing = 0;
		};
		C11FE16025E105E600BC89D8 /* Sources */ = {
			isa = PBXSourcesBuildPhase;
			buildActionMask = 2147483647;
			files = (
				C11FE18C25E1093600BC89D8 /* Address.swift in Sources */,
				C11FE16925E105E600BC89D8 /* TestCICDOnSwiftTests.swift in Sources */,
				C11FE18625E106CD00BC89D8 /* JsonHelper.swift in Sources */,
			);
			runOnlyForDeploymentPostprocessing = 0;
		};
		C11FE16B25E105E600BC89D8 /* Sources */ = {
			isa = PBXSourcesBuildPhase;
			buildActionMask = 2147483647;
			files = (
				C11FE17425E105E600BC89D8 /* TestCICDOnSwiftUITests.swift in Sources */,
			);
			runOnlyForDeploymentPostprocessing = 0;
		};
/* End PBXSourcesBuildPhase section */

/* Begin PBXTargetDependency section */
		C11FE16625E105E600BC89D8 /* PBXTargetDependency */ = {
			isa = PBXTargetDependency;
			target = C11FE14D25E105E400BC89D8 /* TestCICDOnSwift */;
			targetProxy = C11FE16525E105E600BC89D8 /* PBXContainerItemProxy */;
		};
		C11FE17125E105E600BC89D8 /* PBXTargetDependency */ = {
			isa = PBXTargetDependency;
			target = C11FE14D25E105E400BC89D8 /* TestCICDOnSwift */;
			targetProxy = C11FE17025E105E600BC89D8 /* PBXContainerItemProxy */;
		};
/* End PBXTargetDependency section */

/* Begin PBXVariantGroup section */
		C11FE15725E105E400BC89D8 /* Main.storyboard */ = {
			isa = PBXVariantGroup;
			children = (
				C11FE15825E105E400BC89D8 /* Base */,
			);
			name = Main.storyboard;
			sourceTree = "<group>";
		};
		C11FE15C25E105E600BC89D8 /* LaunchScreen.storyboard */ = {
			isa = PBXVariantGroup;
			children = (
				C11FE15D25E105E600BC89D8 /* Base */,
			);
			name = LaunchScreen.storyboard;
			sourceTree = "<group>";
		};
/* End PBXVariantGroup section */

/* Begin XCBuildConfiguration section */
		C11FE17625E105E600BC89D8 /* Debug */ = {
			isa = XCBuildConfiguration;
			buildSettings = {
				ALWAYS_SEARCH_USER_PATHS = NO;
				CLANG_ANALYZER_NONNULL = YES;
				CLANG_ANALYZER_NUMBER_OBJECT_CONVERSION = YES_AGGRESSIVE;
				CLANG_CXX_LANGUAGE_STANDARD = "gnu++14";
				CLANG_CXX_LIBRARY = "libc++";
				CLANG_ENABLE_MODULES = YES;
				CLANG_ENABLE_OBJC_ARC = YES;
				CLANG_ENABLE_OBJC_WEAK = YES;
				CLANG_WARN_BLOCK_CAPTURE_AUTORELEASING = YES;
				CLANG_WARN_BOOL_CONVERSION = YES;
				CLANG_WARN_COMMA = YES;
				CLANG_WARN_CONSTANT_CONVERSION = YES;
				CLANG_WARN_DEPRECATED_OBJC_IMPLEMENTATIONS = YES;
				CLANG_WARN_DIRECT_OBJC_ISA_USAGE = YES_ERROR;
				CLANG_WARN_DOCUMENTATION_COMMENTS = YES;
				CLANG_WARN_EMPTY_BODY = YES;
				CLANG_WARN_ENUM_CONVERSION = YES;
				CLANG_WARN_INFINITE_RECURSION = YES;
				CLANG_WARN_INT_CONVERSION = YES;
				CLANG_WARN_NON_LITERAL_NULL_CONVERSION = YES;
				CLANG_WARN_OBJC_IMPLICIT_RETAIN_SELF = YES;
				CLANG_WARN_OBJC_LITERAL_CONVERSION = YES;
				CLANG_WARN_OBJC_ROOT_CLASS = YES_ERROR;
				CLANG_WARN_QUOTED_INCLUDE_IN_FRAMEWORK_HEADER = YES;
				CLANG_WARN_RANGE_LOOP_ANALYSIS = YES;
				CLANG_WARN_STRICT_PROTOTYPES = YES;
				CLANG_WARN_SUSPICIOUS_MOVE = YES;
				CLANG_WARN_UNGUARDED_AVAILABILITY = YES_AGGRESSIVE;
				CLANG_WARN_UNREACHABLE_CODE = YES;
				CLANG_WARN__DUPLICATE_METHOD_MATCH = YES;
				COPY_PHASE_STRIP = NO;
				DEBUG_INFORMATION_FORMAT = dwarf;
				ENABLE_STRICT_OBJC_MSGSEND = YES;
				ENABLE_TESTABILITY = YES;
				GCC_C_LANGUAGE_STANDARD = gnu11;
				GCC_DYNAMIC_NO_PIC = NO;
				GCC_NO_COMMON_BLOCKS = YES;
				GCC_OPTIMIZATION_LEVEL = 0;
				GCC_PREPROCESSOR_DEFINITIONS = (
					"DEBUG=1",
					"$(inherited)",
				);
				GCC_WARN_64_TO_32_BIT_CONVERSION = YES;
				GCC_WARN_ABOUT_RETURN_TYPE = YES_ERROR;
				GCC_WARN_UNDECLARED_SELECTOR = YES;
				GCC_WARN_UNINITIALIZED_AUTOS = YES_AGGRESSIVE;
				GCC_WARN_UNUSED_FUNCTION = YES;
				GCC_WARN_UNUSED_VARIABLE = YES;
				IPHONEOS_DEPLOYMENT_TARGET = 14.4;
				MTL_ENABLE_DEBUG_INFO = INCLUDE_SOURCE;
				MTL_FAST_MATH = YES;
				ONLY_ACTIVE_ARCH = YES;
				SDKROOT = iphoneos;
				SWIFT_ACTIVE_COMPILATION_CONDITIONS = DEBUG;
				SWIFT_OPTIMIZATION_LEVEL = "-Onone";
			};
			name = Debug;
		};
		C11FE17725E105E600BC89D8 /* Release */ = {
			isa = XCBuildConfiguration;
			buildSettings = {
				ALWAYS_SEARCH_USER_PATHS = NO;
				CLANG_ANALYZER_NONNULL = YES;
				CLANG_ANALYZER_NUMBER_OBJECT_CONVERSION = YES_AGGRESSIVE;
				CLANG_CXX_LANGUAGE_STANDARD = "gnu++14";
				CLANG_CXX_LIBRARY = "libc++";
				CLANG_ENABLE_MODULES = YES;
				CLANG_ENABLE_OBJC_ARC = YES;
				CLANG_ENABLE_OBJC_WEAK = YES;
				CLANG_WARN_BLOCK_CAPTURE_AUTORELEASING = YES;
				CLANG_WARN_BOOL_CONVERSION = YES;
				CLANG_WARN_COMMA = YES;
				CLANG_WARN_CONSTANT_CONVERSION = YES;
				CLANG_WARN_DEPRECATED_OBJC_IMPLEMENTATIONS = YES;
				CLANG_WARN_DIRECT_OBJC_ISA_USAGE = YES_ERROR;
				CLANG_WARN_DOCUMENTATION_COMMENTS = YES;
				CLANG_WARN_EMPTY_BODY = YES;
				CLANG_WARN_ENUM_CONVERSION = YES;
				CLANG_WARN_INFINITE_RECURSION = YES;
				CLANG_WARN_INT_CONVERSION = YES;
				CLANG_WARN_NON_LITERAL_NULL_CONVERSION = YES;
				CLANG_WARN_OBJC_IMPLICIT_RETAIN_SELF = YES;
				CLANG_WARN_OBJC_LITERAL_CONVERSION = YES;
				CLANG_WARN_OBJC_ROOT_CLASS = YES_ERROR;
				CLANG_WARN_QUOTED_INCLUDE_IN_FRAMEWORK_HEADER = YES;
				CLANG_WARN_RANGE_LOOP_ANALYSIS = YES;
				CLANG_WARN_STRICT_PROTOTYPES = YES;
				CLANG_WARN_SUSPICIOUS_MOVE = YES;
				CLANG_WARN_UNGUARDED_AVAILABILITY = YES_AGGRESSIVE;
				CLANG_WARN_UNREACHABLE_CODE = YES;
				CLANG_WARN__DUPLICATE_METHOD_MATCH = YES;
				COPY_PHASE_STRIP = NO;
				DEBUG_INFORMATION_FORMAT = "dwarf-with-dsym";
				ENABLE_NS_ASSERTIONS = NO;
				ENABLE_STRICT_OBJC_MSGSEND = YES;
				GCC_C_LANGUAGE_STANDARD = gnu11;
				GCC_NO_COMMON_BLOCKS = YES;
				GCC_WARN_64_TO_32_BIT_CONVERSION = YES;
				GCC_WARN_ABOUT_RETURN_TYPE = YES_ERROR;
				GCC_WARN_UNDECLARED_SELECTOR = YES;
				GCC_WARN_UNINITIALIZED_AUTOS = YES_AGGRESSIVE;
				GCC_WARN_UNUSED_FUNCTION = YES;
				GCC_WARN_UNUSED_VARIABLE = YES;
				IPHONEOS_DEPLOYMENT_TARGET = 14.4;
				MTL_ENABLE_DEBUG_INFO = NO;
				MTL_FAST_MATH = YES;
				SDKROOT = iphoneos;
				SWIFT_COMPILATION_MODE = wholemodule;
				SWIFT_OPTIMIZATION_LEVEL = "-O";
				VALIDATE_PRODUCT = YES;
			};
			name = Release;
		};
		C11FE17925E105E600BC89D8 /* Debug */ = {
			isa = XCBuildConfiguration;
			buildSettings = {
				ASSETCATALOG_COMPILER_APPICON_NAME = AppIcon;
				ASSETCATALOG_COMPILER_GLOBAL_ACCENT_COLOR_NAME = AccentColor;
				CODE_SIGN_STYLE = Automatic;
				DEVELOPMENT_TEAM = 834E95R3LK;
				INFOPLIST_FILE = TestCICDOnSwift/Info.plist;
				LD_RUNPATH_SEARCH_PATHS = (
					"$(inherited)",
					"@executable_path/Frameworks",
				);
				PRODUCT_BUNDLE_IDENTIFIER = com.zyj.test.TestCICDOnSwift;
				PRODUCT_NAME = "$(TARGET_NAME)";
				SWIFT_VERSION = 5.0;
				TARGETED_DEVICE_FAMILY = "1,2";
			};
			name = Debug;
		};
		C11FE17A25E105E600BC89D8 /* Release */ = {
			isa = XCBuildConfiguration;
			buildSettings = {
				ASSETCATALOG_COMPILER_APPICON_NAME = AppIcon;
				ASSETCATALOG_COMPILER_GLOBAL_ACCENT_COLOR_NAME = AccentColor;
				CODE_SIGN_STYLE = Automatic;
				DEVELOPMENT_TEAM = 834E95R3LK;
				INFOPLIST_FILE = TestCICDOnSwift/Info.plist;
				LD_RUNPATH_SEARCH_PATHS = (
					"$(inherited)",
					"@executable_path/Frameworks",
				);
				PRODUCT_BUNDLE_IDENTIFIER = com.zyj.test.TestCICDOnSwift;
				PRODUCT_NAME = "$(TARGET_NAME)";
				SWIFT_VERSION = 5.0;
				TARGETED_DEVICE_FAMILY = "1,2";
			};
			name = Release;
		};
		C11FE17C25E105E600BC89D8 /* Debug */ = {
			isa = XCBuildConfiguration;
			buildSettings = {
				ALWAYS_EMBED_SWIFT_STANDARD_LIBRARIES = YES;
				BUNDLE_LOADER = "$(TEST_HOST)";
				CODE_SIGN_STYLE = Automatic;
				DEVELOPMENT_TEAM = 834E95R3LK;
				INFOPLIST_FILE = TestCICDOnSwiftTests/Info.plist;
				IPHONEOS_DEPLOYMENT_TARGET = 14.4;
				LD_RUNPATH_SEARCH_PATHS = (
					"$(inherited)",
					"@executable_path/Frameworks",
					"@loader_path/Frameworks",
				);
				PRODUCT_BUNDLE_IDENTIFIER = com.zyj.test.TestCICDOnSwiftTests;
				PRODUCT_NAME = "$(TARGET_NAME)";
				SWIFT_VERSION = 5.0;
				TARGETED_DEVICE_FAMILY = "1,2";
				TEST_HOST = "$(BUILT_PRODUCTS_DIR)/TestCICDOnSwift.app/TestCICDOnSwift";
			};
			name = Debug;
		};
		C11FE17D25E105E600BC89D8 /* Release */ = {
			isa = XCBuildConfiguration;
			buildSettings = {
				ALWAYS_EMBED_SWIFT_STANDARD_LIBRARIES = YES;
				BUNDLE_LOADER = "$(TEST_HOST)";
				CODE_SIGN_STYLE = Automatic;
				DEVELOPMENT_TEAM = 834E95R3LK;
				INFOPLIST_FILE = TestCICDOnSwiftTests/Info.plist;
				IPHONEOS_DEPLOYMENT_TARGET = 14.4;
				LD_RUNPATH_SEARCH_PATHS = (
					"$(inherited)",
					"@executable_path/Frameworks",
					"@loader_path/Frameworks",
				);
				PRODUCT_BUNDLE_IDENTIFIER = com.zyj.test.TestCICDOnSwiftTests;
				PRODUCT_NAME = "$(TARGET_NAME)";
				SWIFT_VERSION = 5.0;
				TARGETED_DEVICE_FAMILY = "1,2";
				TEST_HOST = "$(BUILT_PRODUCTS_DIR)/TestCICDOnSwift.app/TestCICDOnSwift";
			};
			name = Release;
		};
		C11FE17F25E105E600BC89D8 /* Debug */ = {
			isa = XCBuildConfiguration;
			buildSettings = {
				ALWAYS_EMBED_SWIFT_STANDARD_LIBRARIES = YES;
				CODE_SIGN_STYLE = Automatic;
				DEVELOPMENT_TEAM = 834E95R3LK;
				INFOPLIST_FILE = TestCICDOnSwiftUITests/Info.plist;
				LD_RUNPATH_SEARCH_PATHS = (
					"$(inherited)",
					"@executable_path/Frameworks",
					"@loader_path/Frameworks",
				);
				PRODUCT_BUNDLE_IDENTIFIER = com.zyj.test.TestCICDOnSwiftUITests;
				PRODUCT_NAME = "$(TARGET_NAME)";
				SWIFT_VERSION = 5.0;
				TARGETED_DEVICE_FAMILY = "1,2";
				TEST_TARGET_NAME = TestCICDOnSwift;
			};
			name = Debug;
		};
		C11FE18025E105E600BC89D8 /* Release */ = {
			isa = XCBuildConfiguration;
			buildSettings = {
				ALWAYS_EMBED_SWIFT_STANDARD_LIBRARIES = YES;
				CODE_SIGN_STYLE = Automatic;
				DEVELOPMENT_TEAM = 834E95R3LK;
				INFOPLIST_FILE = TestCICDOnSwiftUITests/Info.plist;
				LD_RUNPATH_SEARCH_PATHS = (
					"$(inherited)",
					"@executable_path/Frameworks",
					"@loader_path/Frameworks",
				);
				PRODUCT_BUNDLE_IDENTIFIER = com.zyj.test.TestCICDOnSwiftUITests;
				PRODUCT_NAME = "$(TARGET_NAME)";
				SWIFT_VERSION = 5.0;
				TARGETED_DEVICE_FAMILY = "1,2";
				TEST_TARGET_NAME = TestCICDOnSwift;
			};
			name = Release;
		};
/* End XCBuildConfiguration section */

/* Begin XCConfigurationList section */
		C11FE14925E105E400BC89D8 /* Build configuration list for PBXProject "TestCICDOnSwift" */ = {
			isa = XCConfigurationList;
			buildConfigurations = (
				C11FE17625E105E600BC89D8 /* Debug */,
				C11FE17725E105E600BC89D8 /* Release */,
			);
			defaultConfigurationIsVisible = 0;
			defaultConfigurationName = Release;
		};
		C11FE17825E105E600BC89D8 /* Build configuration list for PBXNativeTarget "TestCICDOnSwift" */ = {
			isa = XCConfigurationList;
			buildConfigurations = (
				C11FE17925E105E600BC89D8 /* Debug */,
				C11FE17A25E105E600BC89D8 /* Release */,
			);
			defaultConfigurationIsVisible = 0;
			defaultConfigurationName = Release;
		};
		C11FE17B25E105E600BC89D8 /* Build configuration list for PBXNativeTarget "TestCICDOnSwiftTests" */ = {
			isa = XCConfigurationList;
			buildConfigurations = (
				C11FE17C25E105E600BC89D8 /* Debug */,
				C11FE17D25E105E600BC89D8 /* Release */,
			);
			defaultConfigurationIsVisible = 0;
			defaultConfigurationName = Release;
		};
		C11FE17E25E105E600BC89D8 /* Build configuration list for PBXNativeTarget "TestCICDOnSwiftUITests" */ = {
			isa = XCConfigurationList;
			buildConfigurations = (
				C11FE17F25E105E600BC89D8 /* Debug */,
				C11FE18025E105E600BC89D8 /* Release */,
			);
			defaultConfigurationIsVisible = 0;
			defaultConfigurationName = Release;
		};
/* End XCConfigurationList section */
	};
	rootObject = C11FE14625E105E400BC89D8 /* Project object */;
}
